
Microsoft Visual Studio Solution File, Format Version 12.00
# Visual Studio Version 17
VisualStudioVersion = 17.7.34202.233
MinimumVisualStudioVersion = 10.0.40219.1
Project("{FAE04EC0-301F-11D3-BF4B-00C04F79EFBC}") = "Demo_Heritage", "Demo_Heritage\Demo_Heritage.csproj", "{DA32D4A3-D71E-460C-947D-C89E35CFF388}"
EndProject
Global
	GlobalSection(SolutionConfigurationPlatforms) = preSolution
		Debug|Any CPU = Debug|Any CPU
		Release|Any CPU = Release|Any CPU
	EndGlobalSection
	GlobalSection(ProjectConfigurationPlatforms) = postSolution
		{DA32D4A3-D71E-460C-947D-C89E35CFF388}.Debug|Any CPU.ActiveCfg = Debug|Any CPU
		{DA32D4A3-D71E-460C-947D-C89E35CFF388}.Debug|Any CPU.Build.0 = Debug|Any CPU
		{DA32D4A3-D71E-460C-947D-C89E35CFF388}.Release|Any CPU.ActiveCfg = Release|Any CPU
		{DA32D4A3-D71E-460C-947D-C89E35CFF388}.Release|Any CPU.Build.0 = Release|Any CPU
	EndGlobalSection
	GlobalSection(SolutionProperties) = preSolution
		HideSolutionNode = FALSE
	EndGlobalSection
	GlobalSection(ExtensibilityGlobals) = postSolution
		SolutionGuid = {EA52EA6A-EA21-420F-8A5F-D9264D0ABEC1}
	EndGlobalSection
EndGlobal
